// !$*UTF8*$!
{
	archiveVersion = 1;
	classes = {
	};
	objectVersion = 55;
	objects = {

/* Begin PBXBuildFile section */
		E8BE9A54283890AA00B187A0 /* NormalCalculatorApp.swift in Sources */ = {isa = PBXBuildFile; fileRef = E8BE9A53283890AA00B187A0 /* NormalCalculatorApp.swift */; };
		E8BE9A56283890AA00B187A0 /* ContentView.swift in Sources */ = {isa = PBXBuildFile; fileRef = E8BE9A55283890AA00B187A0 /* ContentView.swift */; };
		E8BE9A58283890AC00B187A0 /* Assets.xcassets in Resources */ = {isa = PBXBuildFile; fileRef = E8BE9A57283890AC00B187A0 /* Assets.xcassets */; };
		E8BE9A5B283890AC00B187A0 /* Preview Assets.xcassets in Resources */ = {isa = PBXBuildFile; fileRef = E8BE9A5A283890AC00B187A0 /* Preview Assets.xcassets */; };
		E8BE9A5D283890AC00B187A0 /* Persistence.swift in Sources */ = {isa = PBXBuildFile; fileRef = E8BE9A5C283890AC00B187A0 /* Persistence.swift */; };
		E8BE9A60283890AC00B187A0 /* NormalCalculator.xcdatamodeld in Sources */ = {isa = PBXBuildFile; fileRef = E8BE9A5E283890AC00B187A0 /* NormalCalculator.xcdatamodeld */; };
		E8BE9A6A283890AC00B187A0 /* NormalCalculatorTests.swift in Sources */ = {isa = PBXBuildFile; fileRef = E8BE9A69283890AC00B187A0 /* NormalCalculatorTests.swift */; };
		E8BE9A74283890AC00B187A0 /* NormalCalculatorUITests.swift in Sources */ = {isa = PBXBuildFile; fileRef = E8BE9A73283890AC00B187A0 /* NormalCalculatorUITests.swift */; };
		E8BE9A76283890AC00B187A0 /* NormalCalculatorUITestsLaunchTests.swift in Sources */ = {isa = PBXBuildFile; fileRef = E8BE9A75283890AC00B187A0 /* NormalCalculatorUITestsLaunchTests.swift */; };
		E8BE9A892838D30000B187A0 /* MainView.swift in Sources */ = {isa = PBXBuildFile; fileRef = E8BE9A882838D30000B187A0 /* MainView.swift */; };
		E8BE9A8B2838D4DD00B187A0 /* ButtonView.swift in Sources */ = {isa = PBXBuildFile; fileRef = E8BE9A8A2838D4DD00B187A0 /* ButtonView.swift */; };
/* End PBXBuildFile section */

/* Begin PBXContainerItemProxy section */
		E8BE9A66283890AC00B187A0 /* PBXContainerItemProxy */ = {
			isa = PBXContainerItemProxy;
			containerPortal = E8BE9A48283890AA00B187A0 /* Project object */;
			proxyType = 1;
			remoteGlobalIDString = E8BE9A4F283890AA00B187A0;
			remoteInfo = NormalCalculator;
		};
		E8BE9A70283890AC00B187A0 /* PBXContainerItemProxy */ = {
			isa = PBXContainerItemProxy;
			containerPortal = E8BE9A48283890AA00B187A0 /* Project object */;
			proxyType = 1;
			remoteGlobalIDString = E8BE9A4F283890AA00B187A0;
			remoteInfo = NormalCalculator;
		};
/* End PBXContainerItemProxy section */

/* Begin PBXFileReference section */
		E8BE9A50283890AA00B187A0 /* NormalCalculator.app */ = {isa = PBXFileReference; explicitFileType = wrapper.application; includeInIndex = 0; path = NormalCalculator.app; sourceTree = BUILT_PRODUCTS_DIR; };
		E8BE9A53283890AA00B187A0 /* NormalCalculatorApp.swift */ = {isa = PBXFileReference; lastKnownFileType = sourcecode.swift; path = NormalCalculatorApp.swift; sourceTree = "<group>"; };
		E8BE9A55283890AA00B187A0 /* ContentView.swift */ = {isa = PBXFileReference; lastKnownFileType = sourcecode.swift; path = ContentView.swift; sourceTree = "<group>"; };
		E8BE9A57283890AC00B187A0 /* Assets.xcassets */ = {isa = PBXFileReference; lastKnownFileType = folder.assetcatalog; path = Assets.xcassets; sourceTree = "<group>"; };
		E8BE9A5A283890AC00B187A0 /* Preview Assets.xcassets */ = {isa = PBXFileReference; lastKnownFileType = folder.assetcatalog; path = "Preview Assets.xcassets"; sourceTree = "<group>"; };
		E8BE9A5C283890AC00B187A0 /* Persistence.swift */ = {isa = PBXFileReference; lastKnownFileType = sourcecode.swift; path = Persistence.swift; sourceTree = "<group>"; };
		E8BE9A5F283890AC00B187A0 /* NormalCalculator.xcdatamodel */ = {isa = PBXFileReference; lastKnownFileType = wrapper.xcdatamodel; path = NormalCalculator.xcdatamodel; sourceTree = "<group>"; };
		E8BE9A65283890AC00B187A0 /* NormalCalculatorTests.xctest */ = {isa = PBXFileReference; explicitFileType = wrapper.cfbundle; includeInIndex = 0; path = NormalCalculatorTests.xctest; sourceTree = BUILT_PRODUCTS_DIR; };
		E8BE9A69283890AC00B187A0 /* NormalCalculatorTests.swift */ = {isa = PBXFileReference; lastKnownFileType = sourcecode.swift; path = NormalCalculatorTests.swift; sourceTree = "<group>"; };
		E8BE9A6F283890AC00B187A0 /* NormalCalculatorUITests.xctest */ = {isa = PBXFileReference; explicitFileType = wrapper.cfbundle; includeInIndex = 0; path = NormalCalculatorUITests.xctest; sourceTree = BUILT_PRODUCTS_DIR; };
		E8BE9A73283890AC00B187A0 /* NormalCalculatorUITests.swift */ = {isa = PBXFileReference; lastKnownFileType = sourcecode.swift; path = NormalCalculatorUITests.swift; sourceTree = "<group>"; };
		E8BE9A75283890AC00B187A0 /* NormalCalculatorUITestsLaunchTests.swift */ = {isa = PBXFileReference; lastKnownFileType = sourcecode.swift; path = NormalCalculatorUITestsLaunchTests.swift; sourceTree = "<group>"; };
		E8BE9A882838D30000B187A0 /* MainView.swift */ = {isa = PBXFileReference; lastKnownFileType = sourcecode.swift; path = MainView.swift; sourceTree = "<group>"; };
		E8BE9A8A2838D4DD00B187A0 /* ButtonView.swift */ = {isa = PBXFileReference; lastKnownFileType = sourcecode.swift; path = ButtonView.swift; sourceTree = "<group>"; };
/* End PBXFileReference section */

/* Begin PBXFrameworksBuildPhase section */
		E8BE9A4D283890AA00B187A0 /* Frameworks */ = {
			isa = PBXFrameworksBuildPhase;
			buildActionMask = 2147483647;
			files = (
			);
			runOnlyForDeploymentPostprocessing = 0;
		};
		E8BE9A62283890AC00B187A0 /* Frameworks */ = {
			isa = PBXFrameworksBuildPhase;
			buildActionMask = 2147483647;
			files = (
			);
			runOnlyForDeploymentPostprocessing = 0;
		};
		E8BE9A6C283890AC00B187A0 /* Frameworks */ = {
			isa = PBXFrameworksBuildPhase;
			buildActionMask = 2147483647;
			files = (
			);
			runOnlyForDeploymentPostprocessing = 0;
		};
/* End PBXFrameworksBuildPhase section */

/* Begin PBXGroup section */
		E8BE9A47283890AA00B187A0 = {
			isa = PBXGroup;
			children = (
				E8BE9A52283890AA00B187A0 /* NormalCalculator */,
				E8BE9A68283890AC00B187A0 /* NormalCalculatorTests */,
				E8BE9A72283890AC00B187A0 /* NormalCalculatorUITests */,
				E8BE9A51283890AA00B187A0 /* Products */,
			);
			sourceTree = "<group>";
		};
		E8BE9A51283890AA00B187A0 /* Products */ = {
			isa = PBXGroup;
			children = (
				E8BE9A50283890AA00B187A0 /* NormalCalculator.app */,
				E8BE9A65283890AC00B187A0 /* NormalCalculatorTests.xctest */,
				E8BE9A6F283890AC00B187A0 /* NormalCalculatorUITests.xctest */,
			);
			name = Products;
			sourceTree = "<group>";
		};
		E8BE9A52283890AA00B187A0 /* NormalCalculator */ = {
			isa = PBXGroup;
			children = (
				E8BE9A53283890AA00B187A0 /* NormalCalculatorApp.swift */,
				E8BE9A872838D2F700B187A0 /* View */,
				E8BE9A57283890AC00B187A0 /* Assets.xcassets */,
				E8BE9A5C283890AC00B187A0 /* Persistence.swift */,
				E8BE9A5E283890AC00B187A0 /* NormalCalculator.xcdatamodeld */,
				E8BE9A59283890AC00B187A0 /* Preview Content */,
			);
			path = NormalCalculator;
			sourceTree = "<group>";
		};
		E8BE9A59283890AC00B187A0 /* Preview Content */ = {
			isa = PBXGroup;
			children = (
				E8BE9A5A283890AC00B187A0 /* Preview Assets.xcassets */,
			);
			path = "Preview Content";
			sourceTree = "<group>";
		};
		E8BE9A68283890AC00B187A0 /* NormalCalculatorTests */ = {
			isa = PBXGroup;
			children = (
				E8BE9A69283890AC00B187A0 /* NormalCalculatorTests.swift */,
			);
			path = NormalCalculatorTests;
			sourceTree = "<group>";
		};
		E8BE9A72283890AC00B187A0 /* NormalCalculatorUITests */ = {
			isa = PBXGroup;
			children = (
				E8BE9A73283890AC00B187A0 /* NormalCalculatorUITests.swift */,
				E8BE9A75283890AC00B187A0 /* NormalCalculatorUITestsLaunchTests.swift */,
			);
			path = NormalCalculatorUITests;
			sourceTree = "<group>";
		};
		E8BE9A872838D2F700B187A0 /* View */ = {
			isa = PBXGroup;
			children = (
				E8BE9A882838D30000B187A0 /* MainView.swift */,
				E8BE9A55283890AA00B187A0 /* ContentView.swift */,
				E8BE9A8A2838D4DD00B187A0 /* ButtonView.swift */,
			);
			path = View;
			sourceTree = "<group>";
		};
/* End PBXGroup section */

/* Begin PBXNativeTarget section */
		E8BE9A4F283890AA00B187A0 /* NormalCalculator */ = {
			isa = PBXNativeTarget;
			buildConfigurationList = E8BE9A79283890AC00B187A0 /* Build configuration list for PBXNativeTarget "NormalCalculator" */;
			buildPhases = (
				E8BE9A4C283890AA00B187A0 /* Sources */,
				E8BE9A4D283890AA00B187A0 /* Frameworks */,
				E8BE9A4E283890AA00B187A0 /* Resources */,
			);
			buildRules = (
			);
			dependencies = (
			);
			name = NormalCalculator;
			productName = NormalCalculator;
			productReference = E8BE9A50283890AA00B187A0 /* NormalCalculator.app */;
			productType = "com.apple.product-type.application";
		};
		E8BE9A64283890AC00B187A0 /* NormalCalculatorTests */ = {
			isa = PBXNativeTarget;
			buildConfigurationList = E8BE9A7C283890AC00B187A0 /* Build configuration list for PBXNativeTarget "NormalCalculatorTests" */;
			buildPhases = (
				E8BE9A61283890AC00B187A0 /* Sources */,
				E8BE9A62283890AC00B187A0 /* Frameworks */,
				E8BE9A63283890AC00B187A0 /* Resources */,
			);
			buildRules = (
			);
			dependencies = (
				E8BE9A67283890AC00B187A0 /* PBXTargetDependency */,
			);
			name = NormalCalculatorTests;
			productName = NormalCalculatorTests;
			productReference = E8BE9A65283890AC00B187A0 /* NormalCalculatorTests.xctest */;
			productType = "com.apple.product-type.bundle.unit-test";
		};
		E8BE9A6E283890AC00B187A0 /* NormalCalculatorUITests */ = {
			isa = PBXNativeTarget;
			buildConfigurationList = E8BE9A7F283890AC00B187A0 /* Build configuration list for PBXNativeTarget "NormalCalculatorUITests" */;
			buildPhases = (
				E8BE9A6B283890AC00B187A0 /* Sources */,
				E8BE9A6C283890AC00B187A0 /* Frameworks */,
				E8BE9A6D283890AC00B187A0 /* Resources */,
			);
			buildRules = (
			);
			dependencies = (
				E8BE9A71283890AC00B187A0 /* PBXTargetDependency */,
			);
			name = NormalCalculatorUITests;
			productName = NormalCalculatorUITests;
			productReference = E8BE9A6F283890AC00B187A0 /* NormalCalculatorUITests.xctest */;
			productType = "com.apple.product-type.bundle.ui-testing";
		};
/* End PBXNativeTarget section */

/* Begin PBXProject section */
		E8BE9A48283890AA00B187A0 /* Project object */ = {
			isa = PBXProject;
			attributes = {
				BuildIndependentTargetsInParallel = 1;
				LastSwiftUpdateCheck = 1330;
				LastUpgradeCheck = 1330;
				TargetAttributes = {
					E8BE9A4F283890AA00B187A0 = {
						CreatedOnToolsVersion = 13.3.1;
					};
					E8BE9A64283890AC00B187A0 = {
						CreatedOnToolsVersion = 13.3.1;
						TestTargetID = E8BE9A4F283890AA00B187A0;
					};
					E8BE9A6E283890AC00B187A0 = {
						CreatedOnToolsVersion = 13.3.1;
						TestTargetID = E8BE9A4F283890AA00B187A0;
					};
				};
			};
			buildConfigurationList = E8BE9A4B283890AA00B187A0 /* Build configuration list for PBXProject "NormalCalculator" */;
			compatibilityVersion = "Xcode 13.0";
			developmentRegion = en;
			hasScannedForEncodings = 0;
			knownRegions = (
				en,
				Base,
			);
			mainGroup = E8BE9A47283890AA00B187A0;
			productRefGroup = E8BE9A51283890AA00B187A0 /* Products */;
			projectDirPath = "";
			projectRoot = "";
			targets = (
				E8BE9A4F283890AA00B187A0 /* NormalCalculator */,
				E8BE9A64283890AC00B187A0 /* NormalCalculatorTests */,
				E8BE9A6E283890AC00B187A0 /* NormalCalculatorUITests */,
			);
		};
/* End PBXProject section */

/* Begin PBXResourcesBuildPhase section */
		E8BE9A4E283890AA00B187A0 /* Resources */ = {
			isa = PBXResourcesBuildPhase;
			buildActionMask = 2147483647;
			files = (
				E8BE9A5B283890AC00B187A0 /* Preview Assets.xcassets in Resources */,
				E8BE9A58283890AC00B187A0 /* Assets.xcassets in Resources */,
			);
			runOnlyForDeploymentPostprocessing = 0;
		};
		E8BE9A63283890AC00B187A0 /* Resources */ = {
			isa = PBXResourcesBuildPhase;
			buildActionMask = 2147483647;
			files = (
			);
			runOnlyForDeploymentPostprocessing = 0;
		};
		E8BE9A6D283890AC00B187A0 /* Resources */ = {
			isa = PBXResourcesBuildPhase;
			buildActionMask = 2147483647;
			files = (
			);
			runOnlyForDeploymentPostprocessing = 0;
		};
/* End PBXResourcesBuildPhase section */

/* Begin PBXSourcesBuildPhase section */
		E8BE9A4C283890AA00B187A0 /* Sources */ = {
			isa = PBXSourcesBuildPhase;
			buildActionMask = 2147483647;
			files = (
				E8BE9A60283890AC00B187A0 /* NormalCalculator.xcdatamodeld in Sources */,
				E8BE9A5D283890AC00B187A0 /* Persistence.swift in Sources */,
				E8BE9A8B2838D4DD00B187A0 /* ButtonView.swift in Sources */,
				E8BE9A56283890AA00B187A0 /* ContentView.swift in Sources */,
				E8BE9A892838D30000B187A0 /* MainView.swift in Sources */,
				E8BE9A54283890AA00B187A0 /* NormalCalculatorApp.swift in Sources */,
			);
			runOnlyForDeploymentPostprocessing = 0;
		};
		E8BE9A61283890AC00B187A0 /* Sources */ = {
			isa = PBXSourcesBuildPhase;
			buildActionMask = 2147483647;
			files = (
				E8BE9A6A283890AC00B187A0 /* NormalCalculatorTests.swift in Sources */,
			);
			runOnlyForDeploymentPostprocessing = 0;
		};
		E8BE9A6B283890AC00B187A0 /* Sources */ = {
			isa = PBXSourcesBuildPhase;
			buildActionMask = 2147483647;
			files = (
				E8BE9A74283890AC00B187A0 /* NormalCalculatorUITests.swift in Sources */,
				E8BE9A76283890AC00B187A0 /* NormalCalculatorUITestsLaunchTests.swift in Sources */,
			);
			runOnlyForDeploymentPostprocessing = 0;
		};
/* End PBXSourcesBuildPhase section */

/* Begin PBXTargetDependency section */
		E8BE9A67283890AC00B187A0 /* PBXTargetDependency */ = {
			isa = PBXTargetDependency;
			target = E8BE9A4F283890AA00B187A0 /* NormalCalculator */;
			targetProxy = E8BE9A66283890AC00B187A0 /* PBXContainerItemProxy */;
		};
		E8BE9A71283890AC00B187A0 /* PBXTargetDependency */ = {
			isa = PBXTargetDependency;
			target = E8BE9A4F283890AA00B187A0 /* NormalCalculator */;
			targetProxy = E8BE9A70283890AC00B187A0 /* PBXContainerItemProxy */;
		};
/* End PBXTargetDependency section */

/* Begin XCBuildConfiguration section */
		E8BE9A77283890AC00B187A0 /* Debug */ = {
			isa = XCBuildConfiguration;
			buildSettings = {
				ALWAYS_SEARCH_USER_PATHS = NO;
				CLANG_ANALYZER_NONNULL = YES;
				CLANG_ANALYZER_NUMBER_OBJECT_CONVERSION = YES_AGGRESSIVE;
				CLANG_CXX_LANGUAGE_STANDARD = "gnu++17";
				CLANG_ENABLE_MODULES = YES;
				CLANG_ENABLE_OBJC_ARC = YES;
				CLANG_ENABLE_OBJC_WEAK = YES;
				CLANG_WARN_BLOCK_CAPTURE_AUTORELEASING = YES;
				CLANG_WARN_BOOL_CONVERSION = YES;
				CLANG_WARN_COMMA = YES;
				CLANG_WARN_CONSTANT_CONVERSION = YES;
				CLANG_WARN_DEPRECATED_OBJC_IMPLEMENTATIONS = YES;
				CLANG_WARN_DIRECT_OBJC_ISA_USAGE = YES_ERROR;
				CLANG_WARN_DOCUMENTATION_COMMENTS = YES;
				CLANG_WARN_EMPTY_BODY = YES;
				CLANG_WARN_ENUM_CONVERSION = YES;
				CLANG_WARN_INFINITE_RECURSION = YES;
				CLANG_WARN_INT_CONVERSION = YES;
				CLANG_WARN_NON_LITERAL_NULL_CONVERSION = YES;
				CLANG_WARN_OBJC_IMPLICIT_RETAIN_SELF = YES;
				CLANG_WARN_OBJC_LITERAL_CONVERSION = YES;
				CLANG_WARN_OBJC_ROOT_CLASS = YES_ERROR;
				CLANG_WARN_QUOTED_INCLUDE_IN_FRAMEWORK_HEADER = YES;
				CLANG_WARN_RANGE_LOOP_ANALYSIS = YES;
				CLANG_WARN_STRICT_PROTOTYPES = YES;
				CLANG_WARN_SUSPICIOUS_MOVE = YES;
				CLANG_WARN_UNGUARDED_AVAILABILITY = YES_AGGRESSIVE;
				CLANG_WARN_UNREACHABLE_CODE = YES;
				CLANG_WARN__DUPLICATE_METHOD_MATCH = YES;
				COPY_PHASE_STRIP = NO;
				DEBUG_INFORMATION_FORMAT = dwarf;
				ENABLE_STRICT_OBJC_MSGSEND = YES;
				ENABLE_TESTABILITY = YES;
				GCC_C_LANGUAGE_STANDARD = gnu11;
				GCC_DYNAMIC_NO_PIC = NO;
				GCC_NO_COMMON_BLOCKS = YES;
				GCC_OPTIMIZATION_LEVEL = 0;
				GCC_PREPROCESSOR_DEFINITIONS = (
					"DEBUG=1",
					"$(inherited)",
				);
				GCC_WARN_64_TO_32_BIT_CONVERSION = YES;
				GCC_WARN_ABOUT_RETURN_TYPE = YES_ERROR;
				GCC_WARN_UNDECLARED_SELECTOR = YES;
				GCC_WARN_UNINITIALIZED_AUTOS = YES_AGGRESSIVE;
				GCC_WARN_UNUSED_FUNCTION = YES;
				GCC_WARN_UNUSED_VARIABLE = YES;
				IPHONEOS_DEPLOYMENT_TARGET = 15.0;
				MTL_ENABLE_DEBUG_INFO = INCLUDE_SOURCE;
				MTL_FAST_MATH = YES;
				ONLY_ACTIVE_ARCH = YES;
				SDKROOT = iphoneos;
				SWIFT_ACTIVE_COMPILATION_CONDITIONS = DEBUG;
				SWIFT_OPTIMIZATION_LEVEL = "-Onone";
			};
			name = Debug;
		};
		E8BE9A78283890AC00B187A0 /* Release */ = {
			isa = XCBuildConfiguration;
			buildSettings = {
				ALWAYS_SEARCH_USER_PATHS = NO;
				CLANG_ANALYZER_NONNULL = YES;
				CLANG_ANALYZER_NUMBER_OBJECT_CONVERSION = YES_AGGRESSIVE;
				CLANG_CXX_LANGUAGE_STANDARD = "gnu++17";
				CLANG_ENABLE_MODULES = YES;
				CLANG_ENABLE_OBJC_ARC = YES;
				CLANG_ENABLE_OBJC_WEAK = YES;
				CLANG_WARN_BLOCK_CAPTURE_AUTORELEASING = YES;
				CLANG_WARN_BOOL_CONVERSION = YES;
				CLANG_WARN_COMMA = YES;
				CLANG_WARN_CONSTANT_CONVERSION = YES;
				CLANG_WARN_DEPRECATED_OBJC_IMPLEMENTATIONS = YES;
				CLANG_WARN_DIRECT_OBJC_ISA_USAGE = YES_ERROR;
				CLANG_WARN_DOCUMENTATION_COMMENTS = YES;
				CLANG_WARN_EMPTY_BODY = YES;
				CLANG_WARN_ENUM_CONVERSION = YES;
				CLANG_WARN_INFINITE_RECURSION = YES;
				CLANG_WARN_INT_CONVERSION = YES;
				CLANG_WARN_NON_LITERAL_NULL_CONVERSION = YES;
				CLANG_WARN_OBJC_IMPLICIT_RETAIN_SELF = YES;
				CLANG_WARN_OBJC_LITERAL_CONVERSION = YES;
				CLANG_WARN_OBJC_ROOT_CLASS = YES_ERROR;
				CLANG_WARN_QUOTED_INCLUDE_IN_FRAMEWORK_HEADER = YES;
				CLANG_WARN_RANGE_LOOP_ANALYSIS = YES;
				CLANG_WARN_STRICT_PROTOTYPES = YES;
				CLANG_WARN_SUSPICIOUS_MOVE = YES;
				CLANG_WARN_UNGUARDED_AVAILABILITY = YES_AGGRESSIVE;
				CLANG_WARN_UNREACHABLE_CODE = YES;
				CLANG_WARN__DUPLICATE_METHOD_MATCH = YES;
				COPY_PHASE_STRIP = NO;
				DEBUG_INFORMATION_FORMAT = "dwarf-with-dsym";
				ENABLE_NS_ASSERTIONS = NO;
				ENABLE_STRICT_OBJC_MSGSEND = YES;
				GCC_C_LANGUAGE_STANDARD = gnu11;
				GCC_NO_COMMON_BLOCKS = YES;
				GCC_WARN_64_TO_32_BIT_CONVERSION = YES;
				GCC_WARN_ABOUT_RETURN_TYPE = YES_ERROR;
				GCC_WARN_UNDECLARED_SELECTOR = YES;
				GCC_WARN_UNINITIALIZED_AUTOS = YES_AGGRESSIVE;
				GCC_WARN_UNUSED_FUNCTION = YES;
				GCC_WARN_UNUSED_VARIABLE = YES;
				IPHONEOS_DEPLOYMENT_TARGET = 15.0;
				MTL_ENABLE_DEBUG_INFO = NO;
				MTL_FAST_MATH = YES;
				SDKROOT = iphoneos;
				SWIFT_COMPILATION_MODE = wholemodule;
				SWIFT_OPTIMIZATION_LEVEL = "-O";
				VALIDATE_PRODUCT = YES;
			};
			name = Release;
		};
		E8BE9A7A283890AC00B187A0 /* Debug */ = {
			isa = XCBuildConfiguration;
			buildSettings = {
				ASSETCATALOG_COMPILER_APPICON_NAME = AppIcon;
				ASSETCATALOG_COMPILER_GLOBAL_ACCENT_COLOR_NAME = AccentColor;
				CODE_SIGN_STYLE = Automatic;
				CURRENT_PROJECT_VERSION = 1;
				DEVELOPMENT_ASSET_PATHS = "\"NormalCalculator/Preview Content\"";
				DEVELOPMENT_TEAM = 2AVC8X7323;
				ENABLE_PREVIEWS = YES;
				GENERATE_INFOPLIST_FILE = YES;
				INFOPLIST_KEY_UIApplicationSceneManifest_Generation = YES;
				INFOPLIST_KEY_UIApplicationSupportsIndirectInputEvents = YES;
				INFOPLIST_KEY_UILaunchScreen_Generation = YES;
				INFOPLIST_KEY_UISupportedInterfaceOrientations = "UIInterfaceOrientationPortrait UIInterfaceOrientationLandscapeLeft UIInterfaceOrientationLandscapeRight";
				INFOPLIST_KEY_UISupportedInterfaceOrientations_iPad = "UIInterfaceOrientationPortrait UIInterfaceOrientationPortraitUpsideDown UIInterfaceOrientationLandscapeLeft UIInterfaceOrientationLandscapeRight";
				INFOPLIST_KEY_UISupportedInterfaceOrientations_iPhone = "UIInterfaceOrientationPortrait UIInterfaceOrientationLandscapeLeft UIInterfaceOrientationLandscapeRight";
				LD_RUNPATH_SEARCH_PATHS = (
					"$(inherited)",
					"@executable_path/Frameworks",
				);
				MARKETING_VERSION = 1.0;
				PRODUCT_BUNDLE_IDENTIFIER = woin2ee.NormalCalculator;
				PRODUCT_NAME = "$(TARGET_NAME)";
				SWIFT_EMIT_LOC_STRINGS = YES;
				SWIFT_VERSION = 5.0;
				TARGETED_DEVICE_FAMILY = 1;
			};
			name = Debug;
		};
		E8BE9A7B283890AC00B187A0 /* Release */ = {
			isa = XCBuildConfiguration;
			buildSettings = {
				ASSETCATALOG_COMPILER_APPICON_NAME = AppIcon;
				ASSETCATALOG_COMPILER_GLOBAL_ACCENT_COLOR_NAME = AccentColor;
				CODE_SIGN_STYLE = Automatic;
				CURRENT_PROJECT_VERSION = 1;
				DEVELOPMENT_ASSET_PATHS = "\"NormalCalculator/Preview Content\"";
				DEVELOPMENT_TEAM = 2AVC8X7323;
				ENABLE_PREVIEWS = YES;
				GENERATE_INFOPLIST_FILE = YES;
				INFOPLIST_KEY_UIApplicationSceneManifest_Generation = YES;
				INFOPLIST_KEY_UIApplicationSupportsIndirectInputEvents = YES;
				INFOPLIST_KEY_UILaunchScreen_Generation = YES;
				INFOPLIST_KEY_UISupportedInterfaceOrientations = "UIInterfaceOrientationPortrait UIInterfaceOrientationLandscapeLeft UIInterfaceOrientationLandscapeRight";
				INFOPLIST_KEY_UISupportedInterfaceOrientations_iPad = "UIInterfaceOrientationPortrait UIInterfaceOrientationPortraitUpsideDown UIInterfaceOrientationLandscapeLeft UIInterfaceOrientationLandscapeRight";
				INFOPLIST_KEY_UISupportedInterfaceOrientations_iPhone = "UIInterfaceOrientationPortrait UIInterfaceOrientationLandscapeLeft UIInterfaceOrientationLandscapeRight";
				LD_RUNPATH_SEARCH_PATHS = (
					"$(inherited)",
					"@executable_path/Frameworks",
				);
				MARKETING_VERSION = 1.0;
				PRODUCT_BUNDLE_IDENTIFIER = woin2ee.NormalCalculator;
				PRODUCT_NAME = "$(TARGET_NAME)";
				SWIFT_EMIT_LOC_STRINGS = YES;
				SWIFT_VERSION = 5.0;
				TARGETED_DEVICE_FAMILY = 1;
			};
			name = Release;
		};
		E8BE9A7D283890AC00B187A0 /* Debug */ = {
			isa = XCBuildConfiguration;
			buildSettings = {
				ALWAYS_EMBED_SWIFT_STANDARD_LIBRARIES = YES;
				BUNDLE_LOADER = "$(TEST_HOST)";
				CODE_SIGN_STYLE = Automatic;
				CURRENT_PROJECT_VERSION = 1;
				DEVELOPMENT_TEAM = 2AVC8X7323;
				GENERATE_INFOPLIST_FILE = YES;
				IPHONEOS_DEPLOYMENT_TARGET = 15.4;
				MARKETING_VERSION = 1.0;
				PRODUCT_BUNDLE_IDENTIFIER = woin2ee.NormalCalculatorTests;
				PRODUCT_NAME = "$(TARGET_NAME)";
				SWIFT_EMIT_LOC_STRINGS = NO;
				SWIFT_VERSION = 5.0;
				TARGETED_DEVICE_FAMILY = "1,2";
				TEST_HOST = "$(BUILT_PRODUCTS_DIR)/NormalCalculator.app/NormalCalculator";
			};
			name = Debug;
		};
		E8BE9A7E283890AC00B187A0 /* Release */ = {
			isa = XCBuildConfiguration;
			buildSettings = {
				ALWAYS_EMBED_SWIFT_STANDARD_LIBRARIES = YES;
				BUNDLE_LOADER = "$(TEST_HOST)";
				CODE_SIGN_STYLE = Automatic;
				CURRENT_PROJECT_VERSION = 1;
				DEVELOPMENT_TEAM = 2AVC8X7323;
				GENERATE_INFOPLIST_FILE = YES;
				IPHONEOS_DEPLOYMENT_TARGET = 15.4;
				MARKETING_VERSION = 1.0;
				PRODUCT_BUNDLE_IDENTIFIER = woin2ee.NormalCalculatorTests;
				PRODUCT_NAME = "$(TARGET_NAME)";
				SWIFT_EMIT_LOC_STRINGS = NO;
				SWIFT_VERSION = 5.0;
				TARGETED_DEVICE_FAMILY = "1,2";
				TEST_HOST = "$(BUILT_PRODUCTS_DIR)/NormalCalculator.app/NormalCalculator";
			};
			name = Release;
		};
		E8BE9A80283890AC00B187A0 /* Debug */ = {
			isa = XCBuildConfiguration;
			buildSettings = {
				ALWAYS_EMBED_SWIFT_STANDARD_LIBRARIES = YES;
				CODE_SIGN_STYLE = Automatic;
				CURRENT_PROJECT_VERSION = 1;
				DEVELOPMENT_TEAM = 2AVC8X7323;
				GENERATE_INFOPLIST_FILE = YES;
				MARKETING_VERSION = 1.0;
				PRODUCT_BUNDLE_IDENTIFIER = woin2ee.NormalCalculatorUITests;
				PRODUCT_NAME = "$(TARGET_NAME)";
				SWIFT_EMIT_LOC_STRINGS = NO;
				SWIFT_VERSION = 5.0;
				TARGETED_DEVICE_FAMILY = "1,2";
				TEST_TARGET_NAME = NormalCalculator;
			};
			name = Debug;
		};
		E8BE9A81283890AC00B187A0 /* Release */ = {
			isa = XCBuildConfiguration;
			buildSettings = {
				ALWAYS_EMBED_SWIFT_STANDARD_LIBRARIES = YES;
				CODE_SIGN_STYLE = Automatic;
				CURRENT_PROJECT_VERSION = 1;
				DEVELOPMENT_TEAM = 2AVC8X7323;
				GENERATE_INFOPLIST_FILE = YES;
				MARKETING_VERSION = 1.0;
				PRODUCT_BUNDLE_IDENTIFIER = woin2ee.NormalCalculatorUITests;
				PRODUCT_NAME = "$(TARGET_NAME)";
				SWIFT_EMIT_LOC_STRINGS = NO;
				SWIFT_VERSION = 5.0;
				TARGETED_DEVICE_FAMILY = "1,2";
				TEST_TARGET_NAME = NormalCalculator;
			};
			name = Release;
		};
/* End XCBuildConfiguration section */

/* Begin XCConfigurationList section */
		E8BE9A4B283890AA00B187A0 /* Build configuration list for PBXProject "NormalCalculator" */ = {
			isa = XCConfigurationList;
			buildConfigurations = (
				E8BE9A77283890AC00B187A0 /* Debug */,
				E8BE9A78283890AC00B187A0 /* Release */,
			);
			defaultConfigurationIsVisible = 0;
			defaultConfigurationName = Release;
		};
		E8BE9A79283890AC00B187A0 /* Build configuration list for PBXNativeTarget "NormalCalculator" */ = {
			isa = XCConfigurationList;
			buildConfigurations = (
				E8BE9A7A283890AC00B187A0 /* Debug */,
				E8BE9A7B283890AC00B187A0 /* Release */,
			);
			defaultConfigurationIsVisible = 0;
			defaultConfigurationName = Release;
		};
		E8BE9A7C283890AC00B187A0 /* Build configuration list for PBXNativeTarget "NormalCalculatorTests" */ = {
			isa = XCConfigurationList;
			buildConfigurations = (
				E8BE9A7D283890AC00B187A0 /* Debug */,
				E8BE9A7E283890AC00B187A0 /* Release */,
			);
			defaultConfigurationIsVisible = 0;
			defaultConfigurationName = Release;
		};
		E8BE9A7F283890AC00B187A0 /* Build configuration list for PBXNativeTarget "NormalCalculatorUITests" */ = {
			isa = XCConfigurationList;
			buildConfigurations = (
				E8BE9A80283890AC00B187A0 /* Debug */,
				E8BE9A81283890AC00B187A0 /* Release */,
			);
			defaultConfigurationIsVisible = 0;
			defaultConfigurationName = Release;
		};
/* End XCConfigurationList section */

/* Begin XCVersionGroup section */
		E8BE9A5E283890AC00B187A0 /* NormalCalculator.xcdatamodeld */ = {
			isa = XCVersionGroup;
			children = (
				E8BE9A5F283890AC00B187A0 /* NormalCalculator.xcdatamodel */,
			);
			currentVersion = E8BE9A5F283890AC00B187A0 /* NormalCalculator.xcdatamodel */;
			path = NormalCalculator.xcdatamodeld;
			sourceTree = "<group>";
			versionGroupType = wrapper.xcdatamodel;
		};
/* End XCVersionGroup section */
	};
	rootObject = E8BE9A48283890AA00B187A0 /* Project object */;
}
